// !$*UTF8*$!
{
	archiveVersion = 1;
	classes = {
	};
	objectVersion = 46;
	objects = {

/* Begin PBXBuildFile section */
		FE0950361BB91BD500B05E66 /* LocalAuthenticationViewController.m in Sources */ = {isa = PBXBuildFile; fileRef = FE0950351BB91BD500B05E66 /* LocalAuthenticationViewController.m */; settings = {ASSET_TAGS = (); }; };
		FE4DE0D51BB9237900BF3DA8 /* KeychainAuthenticationViewController.m in Sources */ = {isa = PBXBuildFile; fileRef = FE4DE0D41BB9237900BF3DA8 /* KeychainAuthenticationViewController.m */; settings = {ASSET_TAGS = (); }; };
		FEE2E99F1BB919C300DB053F /* main.m in Sources */ = {isa = PBXBuildFile; fileRef = FEE2E99E1BB919C300DB053F /* main.m */; };
		FEE2E9A21BB919C300DB053F /* AppDelegate.m in Sources */ = {isa = PBXBuildFile; fileRef = FEE2E9A11BB919C300DB053F /* AppDelegate.m */; };
		FEE2E9A81BB919C300DB053F /* Main.storyboard in Resources */ = {isa = PBXBuildFile; fileRef = FEE2E9A61BB919C300DB053F /* Main.storyboard */; };
		FEE2E9AA1BB919C300DB053F /* Assets.xcassets in Resources */ = {isa = PBXBuildFile; fileRef = FEE2E9A91BB919C300DB053F /* Assets.xcassets */; };
		FEE2E9AD1BB919C300DB053F /* LaunchScreen.storyboard in Resources */ = {isa = PBXBuildFile; fileRef = FEE2E9AB1BB919C300DB053F /* LaunchScreen.storyboard */; };
		FEE2E9B61BB919EE00DB053F /* HomeTableViewController.m in Sources */ = {isa = PBXBuildFile; fileRef = FEE2E9B51BB919EE00DB053F /* HomeTableViewController.m */; settings = {ASSET_TAGS = (); }; };
/* End PBXBuildFile section */

/* Begin PBXFileReference section */
		FE0950341BB91BD500B05E66 /* LocalAuthenticationViewController.h */ = {isa = PBXFileReference; fileEncoding = 4; lastKnownFileType = sourcecode.c.h; path = LocalAuthenticationViewController.h; sourceTree = "<group>"; };
		FE0950351BB91BD500B05E66 /* LocalAuthenticationViewController.m */ = {isa = PBXFileReference; fileEncoding = 4; lastKnownFileType = sourcecode.c.objc; path = LocalAuthenticationViewController.m; sourceTree = "<group>"; };
		FE4DE0D31BB9237900BF3DA8 /* KeychainAuthenticationViewController.h */ = {isa = PBXFileReference; fileEncoding = 4; lastKnownFileType = sourcecode.c.h; path = KeychainAuthenticationViewController.h; sourceTree = "<group>"; };
		FE4DE0D41BB9237900BF3DA8 /* KeychainAuthenticationViewController.m */ = {isa = PBXFileReference; fileEncoding = 4; lastKnownFileType = sourcecode.c.objc; path = KeychainAuthenticationViewController.m; sourceTree = "<group>"; };
		FEE2E99A1BB919C300DB053F /* SecureTouch.app */ = {isa = PBXFileReference; explicitFileType = wrapper.application; includeInIndex = 0; path = SecureTouch.app; sourceTree = BUILT_PRODUCTS_DIR; };
		FEE2E99E1BB919C300DB053F /* main.m */ = {isa = PBXFileReference; lastKnownFileType = sourcecode.c.objc; path = main.m; sourceTree = "<group>"; };
		FEE2E9A01BB919C300DB053F /* AppDelegate.h */ = {isa = PBXFileReference; lastKnownFileType = sourcecode.c.h; path = AppDelegate.h; sourceTree = "<group>"; };
		FEE2E9A11BB919C300DB053F /* AppDelegate.m */ = {isa = PBXFileReference; lastKnownFileType = sourcecode.c.objc; path = AppDelegate.m; sourceTree = "<group>"; };
		FEE2E9A71BB919C300DB053F /* Base */ = {isa = PBXFileReference; lastKnownFileType = file.storyboard; name = Base; path = Base.lproj/Main.storyboard; sourceTree = "<group>"; };
		FEE2E9A91BB919C300DB053F /* Assets.xcassets */ = {isa = PBXFileReference; lastKnownFileType = folder.assetcatalog; path = Assets.xcassets; sourceTree = "<group>"; };
		FEE2E9AC1BB919C300DB053F /* Base */ = {isa = PBXFileReference; lastKnownFileType = file.storyboard; name = Base; path = Base.lproj/LaunchScreen.storyboard; sourceTree = "<group>"; };
		FEE2E9AE1BB919C300DB053F /* Info.plist */ = {isa = PBXFileReference; lastKnownFileType = text.plist.xml; path = Info.plist; sourceTree = "<group>"; };
		FEE2E9B41BB919EE00DB053F /* HomeTableViewController.h */ = {isa = PBXFileReference; fileEncoding = 4; lastKnownFileType = sourcecode.c.h; path = HomeTableViewController.h; sourceTree = "<group>"; };
		FEE2E9B51BB919EE00DB053F /* HomeTableViewController.m */ = {isa = PBXFileReference; fileEncoding = 4; lastKnownFileType = sourcecode.c.objc; path = HomeTableViewController.m; sourceTree = "<group>"; };
/* End PBXFileReference section */

/* Begin PBXFrameworksBuildPhase section */
		FEE2E9971BB919C300DB053F /* Frameworks */ = {
			isa = PBXFrameworksBuildPhase;
			buildActionMask = 2147483647;
			files = (
			);
			runOnlyForDeploymentPostprocessing = 0;
		};
/* End PBXFrameworksBuildPhase section */

/* Begin PBXGroup section */
		FEE2E9911BB919C300DB053F = {
			isa = PBXGroup;
			children = (
				FEE2E99C1BB919C300DB053F /* SecureTouch */,
				FEE2E99B1BB919C300DB053F /* Products */,
			);
			sourceTree = "<group>";
		};
		FEE2E99B1BB919C300DB053F /* Products */ = {
			isa = PBXGroup;
			children = (
				FEE2E99A1BB919C300DB053F /* SecureTouch.app */,
			);
			name = Products;
			sourceTree = "<group>";
		};
		FEE2E99C1BB919C300DB053F /* SecureTouch */ = {
			isa = PBXGroup;
			children = (
				FEE2E9A01BB919C300DB053F /* AppDelegate.h */,
				FEE2E9A11BB919C300DB053F /* AppDelegate.m */,
				FEE2E9B41BB919EE00DB053F /* HomeTableViewController.h */,
				FEE2E9B51BB919EE00DB053F /* HomeTableViewController.m */,
				FE0950341BB91BD500B05E66 /* LocalAuthenticationViewController.h */,
				FE0950351BB91BD500B05E66 /* LocalAuthenticationViewController.m */,
				FE4DE0D31BB9237900BF3DA8 /* KeychainAuthenticationViewController.h */,
				FE4DE0D41BB9237900BF3DA8 /* KeychainAuthenticationViewController.m */,
				FEE2E9A61BB919C300DB053F /* Main.storyboard */,
				FEE2E9A91BB919C300DB053F /* Assets.xcassets */,
				FEE2E9AB1BB919C300DB053F /* LaunchScreen.storyboard */,
				FEE2E9AE1BB919C300DB053F /* Info.plist */,
				FEE2E99D1BB919C300DB053F /* Supporting Files */,
			);
			path = SecureTouch;
			sourceTree = "<group>";
		};
		FEE2E99D1BB919C300DB053F /* Supporting Files */ = {
			isa = PBXGroup;
			children = (
				FEE2E99E1BB919C300DB053F /* main.m */,
			);
			name = "Supporting Files";
			sourceTree = "<group>";
		};
/* End PBXGroup section */

/* Begin PBXNativeTarget section */
		FEE2E9991BB919C300DB053F /* SecureTouch */ = {
			isa = PBXNativeTarget;
			buildConfigurationList = FEE2E9B11BB919C300DB053F /* Build configuration list for PBXNativeTarget "SecureTouch" */;
			buildPhases = (
				FEE2E9961BB919C300DB053F /* Sources */,
				FEE2E9971BB919C300DB053F /* Frameworks */,
				FEE2E9981BB919C300DB053F /* Resources */,
			);
			buildRules = (
			);
			dependencies = (
			);
			name = SecureTouch;
			productName = SecureTouch;
			productReference = FEE2E99A1BB919C300DB053F /* SecureTouch.app */;
			productType = "com.apple.product-type.application";
		};
/* End PBXNativeTarget section */

/* Begin PBXProject section */
		FEE2E9921BB919C300DB053F /* Project object */ = {
			isa = PBXProject;
			attributes = {
				LastUpgradeCheck = 0700;
				ORGANIZATIONNAME = Infinum;
				TargetAttributes = {
					FEE2E9991BB919C300DB053F = {
						CreatedOnToolsVersion = 7.0;
					};
				};
			};
			buildConfigurationList = FEE2E9951BB919C300DB053F /* Build configuration list for PBXProject "SecureTouch" */;
			compatibilityVersion = "Xcode 3.2";
			developmentRegion = English;
			hasScannedForEncodings = 0;
			knownRegions = (
				en,
				Base,
			);
			mainGroup = FEE2E9911BB919C300DB053F;
			productRefGroup = FEE2E99B1BB919C300DB053F /* Products */;
			projectDirPath = "";
			projectRoot = "";
			targets = (
				FEE2E9991BB919C300DB053F /* SecureTouch */,
			);
		};
/* End PBXProject section */

/* Begin PBXResourcesBuildPhase section */
		FEE2E9981BB919C300DB053F /* Resources */ = {
			isa = PBXResourcesBuildPhase;
			buildActionMask = 2147483647;
			files = (
				FEE2E9AD1BB919C300DB053F /* LaunchScreen.storyboard in Resources */,
				FEE2E9AA1BB919C300DB053F /* Assets.xcassets in Resources */,
				FEE2E9A81BB919C300DB053F /* Main.storyboard in Resources */,
			);
			runOnlyForDeploymentPostprocessing = 0;
		};
/* End PBXResourcesBuildPhase section */

/* Begin PBXSourcesBuildPhase section */
		FEE2E9961BB919C300DB053F /* Sources */ = {
			isa = PBXSourcesBuildPhase;
			buildActionMask = 2147483647;
			files = (
				FE0950361BB91BD500B05E66 /* LocalAuthenticationViewController.m in Sources */,
				FE4DE0D51BB9237900BF3DA8 /* KeychainAuthenticationViewController.m in Sources */,
				FEE2E9A21BB919C300DB053F /* AppDelegate.m in Sources */,
				FEE2E9B61BB919EE00DB053F /* HomeTableViewController.m in Sources */,
				FEE2E99F1BB919C300DB053F /* main.m in Sources */,
			);
			runOnlyForDeploymentPostprocessing = 0;
		};
/* End PBXSourcesBuildPhase section */

/* Begin PBXVariantGroup section */
		FEE2E9A61BB919C300DB053F /* Main.storyboard */ = {
			isa = PBXVariantGroup;
			children = (
				FEE2E9A71BB919C300DB053F /* Base */,
			);
			name = Main.storyboard;
			sourceTree = "<group>";
		};
		FEE2E9AB1BB919C300DB053F /* LaunchScreen.storyboard */ = {
			isa = PBXVariantGroup;
			children = (
				FEE2E9AC1BB919C300DB053F /* Base */,
			);
			name = LaunchScreen.storyboard;
			sourceTree = "<group>";
		};
/* End PBXVariantGroup section */

/* Begin XCBuildConfiguration section */
		FEE2E9AF1BB919C300DB053F /* Debug */ = {
			isa = XCBuildConfiguration;
			buildSettings = {
				ALWAYS_SEARCH_USER_PATHS = NO;
				CLANG_CXX_LANGUAGE_STANDARD = "gnu++0x";
				CLANG_CXX_LIBRARY = "libc++";
				CLANG_ENABLE_MODULES = YES;
				CLANG_ENABLE_OBJC_ARC = YES;
				CLANG_WARN_BOOL_CONVERSION = YES;
				CLANG_WARN_CONSTANT_CONVERSION = YES;
				CLANG_WARN_DIRECT_OBJC_ISA_USAGE = YES_ERROR;
				CLANG_WARN_EMPTY_BODY = YES;
				CLANG_WARN_ENUM_CONVERSION = YES;
				CLANG_WARN_INT_CONVERSION = YES;
				CLANG_WARN_OBJC_ROOT_CLASS = YES_ERROR;
				CLANG_WARN_UNREACHABLE_CODE = YES;
				CLANG_WARN__DUPLICATE_METHOD_MATCH = YES;
				"CODE_SIGN_IDENTITY[sdk=iphoneos*]" = "iPhone Developer";
				COPY_PHASE_STRIP = NO;
				DEBUG_INFORMATION_FORMAT = dwarf;
				ENABLE_STRICT_OBJC_MSGSEND = YES;
				ENABLE_TESTABILITY = YES;
				GCC_C_LANGUAGE_STANDARD = gnu99;
				GCC_DYNAMIC_NO_PIC = NO;
				GCC_NO_COMMON_BLOCKS = YES;
				GCC_OPTIMIZATION_LEVEL = 0;
				GCC_PREPROCESSOR_DEFINITIONS = (
					"DEBUG=1",
					"$(inherited)",
				);
				GCC_WARN_64_TO_32_BIT_CONVERSION = YES;
				GCC_WARN_ABOUT_RETURN_TYPE = YES_ERROR;
				GCC_WARN_UNDECLARED_SELECTOR = YES;
				GCC_WARN_UNINITIALIZED_AUTOS = YES_AGGRESSIVE;
				GCC_WARN_UNUSED_FUNCTION = YES;
				GCC_WARN_UNUSED_VARIABLE = YES;
				IPHONEOS_DEPLOYMENT_TARGET = 9.0;
				MTL_ENABLE_DEBUG_INFO = YES;
				ONLY_ACTIVE_ARCH = YES;
				SDKROOT = iphoneos;
			};
			name = Debug;
		};
		FEE2E9B01BB919C300DB053F /* Release */ = {
			isa = XCBuildConfiguration;
			buildSettings = {
				ALWAYS_SEARCH_USER_PATHS = NO;
				CLANG_CXX_LANGUAGE_STANDARD = "gnu++0x";
				CLANG_CXX_LIBRARY = "libc++";
				CLANG_ENABLE_MODULES = YES;
				CLANG_ENABLE_OBJC_ARC = YES;
				CLANG_WARN_BOOL_CONVERSION = YES;
				CLANG_WARN_CONSTANT_CONVERSION = YES;
				CLANG_WARN_DIRECT_OBJC_ISA_USAGE = YES_ERROR;
				CLANG_WARN_EMPTY_BODY = YES;
				CLANG_WARN_ENUM_CONVERSION = YES;
				CLANG_WARN_INT_CONVERSION = YES;
				CLANG_WARN_OBJC_ROOT_CLASS = YES_ERROR;
				CLANG_WARN_UNREACHABLE_CODE = YES;
				CLANG_WARN__DUPLICATE_METHOD_MATCH = YES;
				"CODE_SIGN_IDENTITY[sdk=iphoneos*]" = "iPhone Developer";
				COPY_PHASE_STRIP = NO;
				DEBUG_INFORMATION_FORMAT = "dwarf-with-dsym";
				ENABLE_NS_ASSERTIONS = NO;
				ENABLE_STRICT_OBJC_MSGSEND = YES;
				GCC_C_LANGUAGE_STANDARD = gnu99;
				GCC_NO_COMMON_BLOCKS = YES;
				GCC_WARN_64_TO_32_BIT_CONVERSION = YES;
				GCC_WARN_ABOUT_RETURN_TYPE = YES_ERROR;
				GCC_WARN_UNDECLARED_SELECTOR = YES;
				GCC_WARN_UNINITIALIZED_AUTOS = YES_AGGRESSIVE;
				GCC_WARN_UNUSED_FUNCTION = YES;
				GCC_WARN_UNUSED_VARIABLE = YES;
				IPHONEOS_DEPLOYMENT_TARGET = 9.0;
				MTL_ENABLE_DEBUG_INFO = NO;
				SDKROOT = iphoneos;
				VALIDATE_PRODUCT = YES;
			};
			name = Release;
		};
		FEE2E9B21BB919C300DB053F /* Debug */ = {
			isa = XCBuildConfiguration;
			buildSettings = {
				ASSETCATALOG_COMPILER_APPICON_NAME = AppIcon;
				INFOPLIST_FILE = SecureTouch/Info.plist;
				IPHONEOS_DEPLOYMENT_TARGET = 8.0;
				LD_RUNPATH_SEARCH_PATHS = "$(inherited) @executable_path/Frameworks";
				PRODUCT_BUNDLE_IDENTIFIER = co.infinum.SecureTouch;
				PRODUCT_NAME = "$(TARGET_NAME)";
			};
			name = Debug;
		};
		FEE2E9B31BB919C300DB053F /* Release */ = {
			isa = XCBuildConfiguration;
			buildSettings = {
				ASSETCATALOG_COMPILER_APPICON_NAME = AppIcon;
				INFOPLIST_FILE = SecureTouch/Info.plist;
				IPHONEOS_DEPLOYMENT_TARGET = 8.0;
				LD_RUNPATH_SEARCH_PATHS = "$(inherited) @executable_path/Frameworks";
				PRODUCT_BUNDLE_IDENTIFIER = co.infinum.SecureTouch;
				PRODUCT_NAME = "$(TARGET_NAME)";
			};
			name = Release;
		};
/* End XCBuildConfiguration section */

/* Begin XCConfigurationList section */
		FEE2E9951BB919C300DB053F /* Build configuration list for PBXProject "SecureTouch" */ = {
			isa = XCConfigurationList;
			buildConfigurations = (
				FEE2E9AF1BB919C300DB053F /* Debug */,
				FEE2E9B01BB919C300DB053F /* Release */,
			);
			defaultConfigurationIsVisible = 0;
			defaultConfigurationName = Release;
		};
		FEE2E9B11BB919C300DB053F /* Build configuration list for PBXNativeTarget "SecureTouch" */ = {
			isa = XCConfigurationList;
			buildConfigurations = (
				FEE2E9B21BB919C300DB053F /* Debug */,
				FEE2E9B31BB919C300DB053F /* Release */,
			);
			defaultConfigurationIsVisible = 0;
			defaultConfigurationName = Release;
		};
/* End XCConfigurationList section */
	};
	rootObject = FEE2E9921BB919C300DB053F /* Project object */;
}
